
Microsoft Visual Studio Solution File, Format Version 12.00
# Visual Studio Version 17
VisualStudioVersion = 17.0.32112.339
MinimumVisualStudioVersion = 10.0.40219.1
Project("{FAE04EC0-301F-11D3-BF4B-00C04F79EFBC}") = "Client", "Client.csproj", "{0AD324DC-D633-4152-B07F-DD66C887FCA7}"
EndProject
Global
	GlobalSection(SolutionConfigurationPlatforms) = preSolution
		Debug|Any CPU = Debug|Any CPU
		Release|Any CPU = Release|Any CPU
	EndGlobalSection
	GlobalSection(ProjectConfigurationPlatforms) = postSolution
		{0AD324DC-D633-4152-B07F-DD66C887FCA7}.Debug|Any CPU.ActiveCfg = Debug|Any CPU
		{0AD324DC-D633-4152-B07F-DD66C887FCA7}.Debug|Any CPU.Build.0 = Debug|Any CPU
		{0AD324DC-D633-4152-B07F-DD66C887FCA7}.Release|Any CPU.ActiveCfg = Release|Any CPU
		{0AD324DC-D633-4152-B07F-DD66C887FCA7}.Release|Any CPU.Build.0 = Release|Any CPU
	EndGlobalSection
	GlobalSection(SolutionProperties) = preSolution
		HideSolutionNode = FALSE
	EndGlobalSection
	GlobalSection(ExtensibilityGlobals) = postSolution
		SolutionGuid = {500EF27F-63E7-42CF-BFFD-CD5C35C3977A}
	EndGlobalSection
EndGlobal
